
Microsoft Visual Studio Solution File, Format Version 12.00
# Visual Studio 15
VisualStudioVersion = 15.0.28307.136
MinimumVisualStudioVersion = 10.0.40219.1
Project("{9A19103F-16F7-4668-BE54-9A1E7A4F7556}") = "ExtendedDatabase", "ExtendedDatabase.csproj", "{C56787ED-284B-417D-96C4-4C5F5656EA06}"
EndProject
Project("{FAE04EC0-301F-11D3-BF4B-00C04F79EFBC}") = "ExtendedDatabase.Tests", "..\ExtendedDatabase.Tests\ExtendedDatabase.Tests.csproj", "{14C59761-DB2B-40FF-A577-F89D084E09CA}"
EndProject
Global
	GlobalSection(SolutionConfigurationPlatforms) = preSolution
		Debug|Any CPU = Debug|Any CPU
		Release|Any CPU = Release|Any CPU
	EndGlobalSection
	GlobalSection(ProjectConfigurationPlatforms) = postSolution
		{C56787ED-284B-417D-96C4-4C5F5656EA06}.Debug|Any CPU.ActiveCfg = Debug|Any CPU
		{C56787ED-284B-417D-96C4-4C5F5656EA06}.Debug|Any CPU.Build.0 = Debug|Any CPU
		{C56787ED-284B-417D-96C4-4C5F5656EA06}.Release|Any CPU.ActiveCfg = Release|Any CPU
		{C56787ED-284B-417D-96C4-4C5F5656EA06}.Release|Any CPU.Build.0 = Release|Any CPU
		{14C59761-DB2B-40FF-A577-F89D084E09CA}.Debug|Any CPU.ActiveCfg = Debug|Any CPU
		{14C59761-DB2B-40FF-A577-F89D084E09CA}.Debug|Any CPU.Build.0 = Debug|Any CPU
		{14C59761-DB2B-40FF-A577-F89D084E09CA}.Release|Any CPU.ActiveCfg = Release|Any CPU
		{14C59761-DB2B-40FF-A577-F89D084E09CA}.Release|Any CPU.Build.0 = Release|Any CPU
	EndGlobalSection
	GlobalSection(SolutionProperties) = preSolution
		HideSolutionNode = FALSE
	EndGlobalSection
	GlobalSection(ExtensibilityGlobals) = postSolution
		SolutionGuid = {2FB29CEC-E9DF-4986-973F-1EC1B4B62CC0}
	EndGlobalSection
EndGlobal
