
Microsoft Visual Studio Solution File, Format Version 12.00
# Visual Studio 15
VisualStudioVersion = 15.0.28307.136
MinimumVisualStudioVersion = 10.0.40219.1
Project("{FAE04EC0-301F-11D3-BF4B-00C04F79EFBC}") = "Database", "Database\Database.csproj", "{FA539342-B8AF-4FB2-BEC2-19F25C1BE061}"
EndProject
Project("{FAE04EC0-301F-11D3-BF4B-00C04F79EFBC}") = "Database.Tests", "Database.Tests\Database.Tests.csproj", "{EADF01F6-01FE-40A7-BE0B-12B0F902121A}"
EndProject
Global
	GlobalSection(SolutionConfigurationPlatforms) = preSolution
		Debug|Any CPU = Debug|Any CPU
		Release|Any CPU = Release|Any CPU
	EndGlobalSection
	GlobalSection(ProjectConfigurationPlatforms) = postSolution
		{FA539342-B8AF-4FB2-BEC2-19F25C1BE061}.Debug|Any CPU.ActiveCfg = Debug|Any CPU
		{FA539342-B8AF-4FB2-BEC2-19F25C1BE061}.Debug|Any CPU.Build.0 = Debug|Any CPU
		{FA539342-B8AF-4FB2-BEC2-19F25C1BE061}.Release|Any CPU.ActiveCfg = Release|Any CPU
		{FA539342-B8AF-4FB2-BEC2-19F25C1BE061}.Release|Any CPU.Build.0 = Release|Any CPU
		{EADF01F6-01FE-40A7-BE0B-12B0F902121A}.Debug|Any CPU.ActiveCfg = Debug|Any CPU
		{EADF01F6-01FE-40A7-BE0B-12B0F902121A}.Debug|Any CPU.Build.0 = Debug|Any CPU
		{EADF01F6-01FE-40A7-BE0B-12B0F902121A}.Release|Any CPU.ActiveCfg = Release|Any CPU
		{EADF01F6-01FE-40A7-BE0B-12B0F902121A}.Release|Any CPU.Build.0 = Release|Any CPU
	EndGlobalSection
	GlobalSection(SolutionProperties) = preSolution
		HideSolutionNode = FALSE
	EndGlobalSection
	GlobalSection(ExtensibilityGlobals) = postSolution
		SolutionGuid = {F80DA2FE-0951-42B9-B418-1C1FF0DD6486}
	EndGlobalSection
EndGlobal
